<Solution>
    <Folder Name="/build/">
        <Project Path="build/_build.csproj"/>
    </Folder>

    <Folder Name="/samples/plugins/">
        <Project Path="samples/plugins/Harbor.Plugin.FileTree/Harbor.Plugin.FileTree.csproj"/>
        <Project Path="samples/plugins/Harbor.Plugin.GitTools/Harbor.Plugin.GitTools.csproj"/>
        <Project Path="samples/plugins/Harbor.Plugin.TodoWrite/Harbor.Plugin.TodoWrite.csproj"/>
        <Project Path="samples/plugins/Harbor.Plugin.WebSearch/Harbor.Plugin.WebSearch.csproj"/>
    </Folder>

    <Folder Name="/apps/Cli/">
        <Project Path="apps/Harbor.App.Cli/Harbor.App.Cli.csproj"/>
    </Folder>

    <Folder Name="/src/Abstractions/">
        <Project Path="src/Harbor.Abstractions/Harbor.Abstractions.csproj"/>
        <Project Path="src/Harbor.Abstractions.Contracts/Harbor.Abstractions.Contracts.csproj"/>
        <Project Path="src/Harbor.Hosting/Harbor.Hosting.csproj"/>
        <Project Path="src/Harbor.Logging/Harbor.Logging.csproj"/>
        <Project Path="src/Harbor.Application/Harbor.Application.csproj"/>
        <Project Path="src/Harbor.Extensions/Harbor.Extensions.csproj"/>
        <Project Path="src/Harbor.Terminal.Abstractions/Harbor.Terminal.Abstractions.csproj"/>
        <Project Path="src/Harbor.Tui.Abstractions/Harbor.Tui.Abstractions.csproj"/>
        <Project Path="src/Harbor.Desktop.Abstractions/Harbor.Desktop.Abstractions.csproj"/>
    </Folder>

    <Folder Name="/src/Core/">
        <Project Path="src/Harbor.Core/Harbor.Core.csproj"/>
        <Project Path="src/Harbor.Registries/Harbor.Registries.csproj"/>
        <Project Path="src/Harbor.Ui.Framework/Harbor.Ui.Framework.csproj"/>
        <Project Path="src/Harbor.Ui.Framework.Abstractions/Harbor.Ui.Framework.Abstractions.csproj"/>
        <Project Path="src/Harbor.Ui.Framework.State/Harbor.Ui.Framework.State.csproj"/>
        <Project Path="src/Harbor.Ui.Framework.ViewModels/Harbor.Ui.Framework.ViewModels.csproj"/>
        <Project Path="src/Harbor.Ui.Framework.Services/Harbor.Ui.Framework.Services.csproj"/>
        <Project Path="src/Harbor.Ui.Framework.Projection/Harbor.Ui.Framework.Projection.csproj"/>
        <Project Path="src/Harbor.Ui.Framework.Sessions/Harbor.Ui.Framework.Sessions.csproj"/>
    </Folder>

    <Folder Name="/src/Providers/">
        <Project Path="src/Harbor.Providers.Anthropic/Harbor.Providers.Anthropic.csproj"/>
        <Project Path="src/Harbor.Providers.Ollama/Harbor.Providers.Ollama.csproj"/>
        <Project Path="src/Harbor.Providers.OpenAI/Harbor.Providers.OpenAI.csproj"/>
        <Project Path="src/Harbor.Providers.OpenAiCompatible/Harbor.Providers.OpenAiCompatible.csproj"/>
    </Folder>

    <Folder Name="/src/Storage/">
        <Project Path="src/Harbor.Storage.Jsonl/Harbor.Storage.Jsonl.csproj"/>
        <Project Path="src/Harbor.Storage.Memory/Harbor.Storage.Memory.csproj"/>
        <Project Path="src/Harbor.Storage.Sqlite/Harbor.Storage.Sqlite.csproj"/>
    </Folder>

    <Folder Name="/src/Tools/">
        <Project Path="src/Harbor.Tools.Builtin/Harbor.Tools.Builtin.csproj"/>
    </Folder>

    <Folder Name="/src/Plugins/">
        <Project Path="src/Harbor.Plugins.Abstractions/Harbor.Plugins.Abstractions.csproj"/>
        <Project Path="src/Harbor.Plugins.Storage/Harbor.Plugins.Storage.csproj"/>
        <Project Path="src/Harbor.Plugins.Compilation/Harbor.Plugins.Compilation.csproj"/>
        <Project Path="src/Harbor.Plugins.Instantiation/Harbor.Plugins.Instantiation.csproj"/>
        <Project Path="src/Harbor.Plugins.Registration/Harbor.Plugins.Registration.csproj"/>
        <Project Path="src/Harbor.Plugins.Hosting/Harbor.Plugins.Hosting.csproj"/>
        <Project Path="src/Harbor.Plugins.Runtime/Harbor.Plugins.Runtime.csproj"/>
    </Folder>

    <Folder Name="/src/IPC/">
        <Project Path="src/Harbor.Ipc.Abstractions/Harbor.Ipc.Abstractions.csproj"/>
        <Project Path="src/Harbor.Ipc.Client/Harbor.Ipc.Client.csproj"/>
        <Project Path="src/Harbor.Ipc.InProcess/Harbor.Ipc.InProcess.csproj"/>
        <Project Path="src/Harbor.Ipc.Server/Harbor.Ipc.Server.csproj"/>
    </Folder>

    <Folder Name="/src/TUI/">
        <Project Path="src/Harbor.Tui.Plain/Harbor.Tui.Plain.csproj"/>
        <Project Path="src/Harbor.Tui.Ansi/Harbor.Tui.Ansi.csproj"/>
        <Project Path="src/Harbor.Tui.Notifications/Harbor.Tui.Notifications.csproj"/>
    </Folder>

    <Folder Name="/src/Desktop/">
        <Project Path="src/Harbor.Desktop.Shared/Harbor.Desktop.Shared.csproj"/>
        <Project Path="src/Harbor.Desktop.Animations/Harbor.Desktop.Animations.csproj"/>
    </Folder>

    <Folder Name="/tests/Unit/">
        <Project Path="tests/Harbor.Abstractions.Tests/Harbor.Abstractions.Tests.csproj"/>
        <Project Path="tests/Harbor.App.Avalonia.Tests/Harbor.App.Avalonia.Tests.csproj"/>
        <Project Path="tests/Harbor.App.Cli.Tests/Harbor.App.Cli.Tests.csproj"/>
        <Project Path="tests/Harbor.Application.Tests/Harbor.Application.Tests.csproj"/>
        <Project Path="tests/Harbor.Hosting.Tests/Harbor.Hosting.Tests.csproj"/>
        <Project Path="tests/Harbor.Transport.Remote.Tests/Harbor.Transport.Remote.Tests.csproj"/>
        <Project Path="tests/Harbor.Ipc.Tests/Harbor.Ipc.Tests.csproj"/>
        <!-- Ipc.Tests re-included (sprint 5 A1): classes are [NotInParallel];
             the timing-flaky named-pipe event-stream class self-skips unless
             HARBOR_IPC_EVENTSTREAM=1 (same pattern as HARBOR_IPC_FUZZ). -->

        <!-- Maui/Wpf/Blazor app tests moved to contrib/tests (sprint 2). -->
        <Project Path="tests/Harbor.Architecture.Tests/Harbor.Architecture.Tests.csproj"/>
        <Project Path="tests/Harbor.Config.Tests/Harbor.Config.Tests.csproj"/>
        <Project Path="tests/Harbor.Core.Tests/Harbor.Core.Tests.csproj"/>
        <Project Path="tests/Harbor.Domain.Tests/Harbor.Domain.Tests.csproj"/>
        <Project Path="tests/Harbor.Plugins.Runtime.Tests/Harbor.Plugins.Runtime.Tests.csproj"/>
        <Project Path="tests/Harbor.Providers.Tests/Harbor.Providers.Tests.csproj"/>
        <Project Path="tests/Harbor.Storage.Jsonl.Tests/Harbor.Storage.Jsonl.Tests.csproj"/>
        <Project Path="tests/Harbor.Storage.Tests/Harbor.Storage.Tests.csproj"/>
        <Project Path="tests/Harbor.Tools.Builtin.Tests/Harbor.Tools.Builtin.Tests.csproj"/>
        <Project Path="tests/Harbor.Tui.Tests/Harbor.Tui.Tests.csproj"/>
        <Project Path="tests/Harbor.Ui.Framework.Tests/Harbor.Ui.Framework.Tests.csproj"/>
    </Folder>

    <Folder Name="/tests/Benchmarks/">
        <Project Path="tests/Harbor.Benchmarks/Harbor.Benchmarks.csproj"/>
    </Folder>

    <Folder Name="/tests/E2E/">
        <Project Path="tests/Harbor.Tui.E2E.Tests/Harbor.Tui.E2E.Tests.csproj"/>
        <Project Path="tests/Harbor.E2E.Framework/Harbor.E2E.Framework.csproj"/>
        <Project Path="tests/Harbor.E2E.Cli/Harbor.E2E.Cli.csproj"/>
        <Project Path="tests/Harbor.E2E.App.Avalonia/Harbor.E2E.App.Avalonia.csproj"/>
    </Folder>
</Solution>
