<Solution>
    <Folder Name="/samples/" />
    <Folder Name="/samples/plugins/">
        <Project Path="samples/plugins/Harbor.Plugin.FileTree/Harbor.Plugin.FileTree.csproj" />
        <Project Path="samples/plugins/Harbor.Plugin.GitTools/Harbor.Plugin.GitTools.csproj" />
        <Project Path="samples/plugins/Harbor.Plugin.TodoWrite/Harbor.Plugin.TodoWrite.csproj" />
        <Project Path="samples/plugins/Harbor.Plugin.WebSearch/Harbor.Plugin.WebSearch.csproj" />
    </Folder>
    <Folder Name="/src/">
        <Project Path="src/Harbor.Abstractions/Harbor.Abstractions.csproj" />
        <Project Path="src/Harbor.Cli/Harbor.Cli.csproj" />
        <Project Path="src/Harbor.Core/Harbor.Core.csproj" />
        <Project Path="src/Harbor.Providers.Anthropic/Harbor.Providers.Anthropic.csproj" />
        <Project Path="src/Harbor.Providers.Ollama/Harbor.Providers.Ollama.csproj" />
        <Project Path="src/Harbor.Providers.OpenAI/Harbor.Providers.OpenAI.csproj" />
        <Project Path="src/Harbor.Providers.OpenAiCompatible/Harbor.Providers.OpenAiCompatible.csproj" />
        <Project Path="src/Harbor.Storage.Jsonl/Harbor.Storage.Jsonl.csproj" />
        <Project Path="src/Harbor.Storage.Memory/Harbor.Storage.Memory.csproj" />
        <Project Path="src/Harbor.Storage.Sqlite/Harbor.Storage.Sqlite.csproj" />
        <Project Path="src/Harbor.Tools.Builtin/Harbor.Tools.Builtin.csproj" />
        <Project Path="src/Harbor.Tui.Abstractions/Harbor.Tui.Abstractions.csproj" />
        <Project Path="src/Harbor.Tui.Ansi/Harbor.Tui.Ansi.csproj" />
        <Project Path="src/Harbor.Tui.Plain/Harbor.Tui.Plain.csproj" />

        <Project Path="src/Harbor.Tui.Spectre.Fullscreen/Harbor.Tui.Spectre.Fullscreen.csproj" />
        <Project Path="src/Harbor.Tui.Spectre/Harbor.Tui.Spectre.csproj" />
        <Project Path="src/Harbor.Tui.SpectreTui/Harbor.Tui.SpectreTui.csproj" />
        <Project Path="src/Harbor.Tui.Termina/Harbor.Tui.Termina.csproj" />
        <Project Path="src/Harbor.Tui.TerminalGui/Harbor.Tui.TerminalGui.csproj" />
        <Project Path="src/Harbor.Tui.RazorConsole/Harbor.Tui.RazorConsole.csproj" />
    </Folder>
    <Folder Name="/tests/">
        <Project Path="tests/Harbor.Abstractions.Tests/Harbor.Abstractions.Tests.csproj" />
        <Project Path="tests/Harbor.Benchmarks/Harbor.Benchmarks.csproj" />
        <Project Path="tests/Harbor.Config.Tests/Harbor.Config.Tests.csproj" />
        <Project Path="tests/Harbor.Core.Tests/Harbor.Core.Tests.csproj" />
        <Project Path="tests/Harbor.Providers.Tests/Harbor.Providers.Tests.csproj" />
        <Project Path="tests/Harbor.Storage.Jsonl.Tests/Harbor.Storage.Jsonl.Tests.csproj" />
        <Project Path="tests/Harbor.Storage.Tests/Harbor.Storage.Tests.csproj" />
        <Project Path="tests/Harbor.Tools.Builtin.Tests/Harbor.Tools.Builtin.Tests.csproj" />
        <Project Path="tests/Harbor.Tui.E2E.Tests/Harbor.Tui.E2E.Tests.csproj" />
        <Project Path="tests/Harbor.Tui.Tests/Harbor.Tui.Tests.csproj" />
    </Folder>
</Solution>
